// !$*UTF8*$!
{
	archiveVersion = 1;
	classes = {
	};
	objectVersion = 56;
	objects = {

/* Begin PBXBuildFile section */
		66D4E7F75176898E2F93B843 /* Pods_CulinaryWay.framework in Frameworks */ = {isa = PBXBuildFile; fileRef = FA401504BA354717E0209440 /* Pods_CulinaryWay.framework */; };
		D006E911299FE48400DBC66F /* SpiceCollectionViewCell.swift in Sources */ = {isa = PBXBuildFile; fileRef = D006E910299FE48400DBC66F /* SpiceCollectionViewCell.swift */; };
		D0089F4229A0793400D72689 /* CollectionViewPagingLayout in Frameworks */ = {isa = PBXBuildFile; productRef = D0089F4129A0793400D72689 /* CollectionViewPagingLayout */; };
		D0089F4429A0795F00D72689 /* MyCustomCollectionViewCell.swift in Sources */ = {isa = PBXBuildFile; fileRef = D0089F4329A0795F00D72689 /* MyCustomCollectionViewCell.swift */; };
		D0089F4D29A2884C00D72689 /* RecipeViewModel.swift in Sources */ = {isa = PBXBuildFile; fileRef = D0089F4C29A2884C00D72689 /* RecipeViewModel.swift */; };
		D0089F5129A3E6A400D72689 /* MyFavoriteViewModel.swift in Sources */ = {isa = PBXBuildFile; fileRef = D0089F5029A3E6A400D72689 /* MyFavoriteViewModel.swift */; };
		D016A27A2982D92900164068 /* VideosCollectionViewCell.swift in Sources */ = {isa = PBXBuildFile; fileRef = D016A2792982D92900164068 /* VideosCollectionViewCell.swift */; };
		D016A27C2982DCE200164068 /* VideoModel.swift in Sources */ = {isa = PBXBuildFile; fileRef = D016A27B2982DCE200164068 /* VideoModel.swift */; };
		D016A27E2982E9AB00164068 /* ChutneyViewController.swift in Sources */ = {isa = PBXBuildFile; fileRef = D016A27D2982E9AB00164068 /* ChutneyViewController.swift */; };
		D023A82429BA76F10018E588 /* ReuseIdentifiable.swift in Sources */ = {isa = PBXBuildFile; fileRef = D023A82329BA76F10018E588 /* ReuseIdentifiable.swift */; };
		D040EF5A294A51170087D671 /* TabBarViewController.swift in Sources */ = {isa = PBXBuildFile; fileRef = D040EF59294A51170087D671 /* TabBarViewController.swift */; };
		D040EF5C294A51750087D671 /* MainViewController.swift in Sources */ = {isa = PBXBuildFile; fileRef = D040EF5B294A51750087D671 /* MainViewController.swift */; };
		D040EF5E294A525E0087D671 /* SpicesViewController.swift in Sources */ = {isa = PBXBuildFile; fileRef = D040EF5D294A525E0087D671 /* SpicesViewController.swift */; };
		D040EF61294A53B30087D671 /* MainView.swift in Sources */ = {isa = PBXBuildFile; fileRef = D040EF60294A53B30087D671 /* MainView.swift */; };
		D040EF64294A54770087D671 /* SpicesView.swift in Sources */ = {isa = PBXBuildFile; fileRef = D040EF63294A54770087D671 /* SpicesView.swift */; };
		D040EF66294A565C0087D671 /* VideoCategoriesViewController.swift in Sources */ = {isa = PBXBuildFile; fileRef = D040EF65294A565C0087D671 /* VideoCategoriesViewController.swift */; };
		D040EF68294A56840087D671 /* MyFavoriteViewController.swift in Sources */ = {isa = PBXBuildFile; fileRef = D040EF67294A56840087D671 /* MyFavoriteViewController.swift */; };
		D040EF6A294A569C0087D671 /* VideoView.swift in Sources */ = {isa = PBXBuildFile; fileRef = D040EF69294A569C0087D671 /* VideoView.swift */; };
		D040EF6C294A56A50087D671 /* MyFavoriteView.swift in Sources */ = {isa = PBXBuildFile; fileRef = D040EF6B294A56A50087D671 /* MyFavoriteView.swift */; };
		D040EF6E294A597E0087D671 /* MainCollectionViewCell.swift in Sources */ = {isa = PBXBuildFile; fileRef = D040EF6D294A597E0087D671 /* MainCollectionViewCell.swift */; };
		D040EF71294A5E900087D671 /* DishesCategory.swift in Sources */ = {isa = PBXBuildFile; fileRef = D040EF70294A5E900087D671 /* DishesCategory.swift */; };
		D040EF75294A84260087D671 /* BeanDishesViewController.swift in Sources */ = {isa = PBXBuildFile; fileRef = D040EF74294A84260087D671 /* BeanDishesViewController.swift */; };
		D040EF77294A86310087D671 /* RiceDishesViewController.swift in Sources */ = {isa = PBXBuildFile; fileRef = D040EF76294A86310087D671 /* RiceDishesViewController.swift */; };
		D040EF7A294A86A10087D671 /* BreadViewController.swift in Sources */ = {isa = PBXBuildFile; fileRef = D040EF79294A86A10087D671 /* BreadViewController.swift */; };
		D040EF7C294A878F0087D671 /* DessertsViewController.swift in Sources */ = {isa = PBXBuildFile; fileRef = D040EF7B294A878F0087D671 /* DessertsViewController.swift */; };
		D040EF7E294A87B60087D671 /* DrinkViewController.swift in Sources */ = {isa = PBXBuildFile; fileRef = D040EF7D294A87B60087D671 /* DrinkViewController.swift */; };
		D051EF77297B270F00833608 /* Dish+CoreDataClass.swift in Sources */ = {isa = PBXBuildFile; fileRef = D051EF75297B270F00833608 /* Dish+CoreDataClass.swift */; };
		D051EF78297B270F00833608 /* Dish+CoreDataProperties.swift in Sources */ = {isa = PBXBuildFile; fileRef = D051EF76297B270F00833608 /* Dish+CoreDataProperties.swift */; };
		D069DAFB294D3538000E93F4 /* NetworkLayer.swift in Sources */ = {isa = PBXBuildFile; fileRef = D069DAFA294D3538000E93F4 /* NetworkLayer.swift */; };
		D069DAFD294D3542000E93F4 /* Errors.swift in Sources */ = {isa = PBXBuildFile; fileRef = D069DAFC294D3542000E93F4 /* Errors.swift */; };
		D069DAFF294D354B000E93F4 /* URLSession.swift in Sources */ = {isa = PBXBuildFile; fileRef = D069DAFE294D354B000E93F4 /* URLSession.swift */; };
		D069DB02294D357A000E93F4 /* NetworkTypes.swift in Sources */ = {isa = PBXBuildFile; fileRef = D069DB01294D357A000E93F4 /* NetworkTypes.swift */; };
		D069DB04294D3615000E93F4 /* FruitsModel.swift in Sources */ = {isa = PBXBuildFile; fileRef = D069DB03294D3615000E93F4 /* FruitsModel.swift */; };
		D070AC96294C2A3A0097629C /* FruitsViewController.swift in Sources */ = {isa = PBXBuildFile; fileRef = D070AC95294C2A3A0097629C /* FruitsViewController.swift */; };
		D072C45B29878EA100D588DC /* FruitCollectionViewCell.swift in Sources */ = {isa = PBXBuildFile; fileRef = D072C45A29878EA100D588DC /* FruitCollectionViewCell.swift */; };
		D072C45D2988B30A00D588DC /* SabjiViewController.swift in Sources */ = {isa = PBXBuildFile; fileRef = D072C45C2988B30A00D588DC /* SabjiViewController.swift */; };
		D0AA9E5D294A430A006EB54F /* AppDelegate.swift in Sources */ = {isa = PBXBuildFile; fileRef = D0AA9E5C294A430A006EB54F /* AppDelegate.swift */; };
		D0AA9E5F294A430A006EB54F /* SceneDelegate.swift in Sources */ = {isa = PBXBuildFile; fileRef = D0AA9E5E294A430A006EB54F /* SceneDelegate.swift */; };
		D0AA9E66294A430B006EB54F /* Assets.xcassets in Resources */ = {isa = PBXBuildFile; fileRef = D0AA9E65294A430B006EB54F /* Assets.xcassets */; };
		D0AA9E69294A430B006EB54F /* LaunchScreen.storyboard in Resources */ = {isa = PBXBuildFile; fileRef = D0AA9E67294A430B006EB54F /* LaunchScreen.storyboard */; };
		D0AD4CDE299E898300151954 /* Lottie in Frameworks */ = {isa = PBXBuildFile; productRef = D0AD4CDD299E898300151954 /* Lottie */; };
		D0AD4CE0299E8A7600151954 /* 62218-pineapple-yoga-with-music.json in Resources */ = {isa = PBXBuildFile; fileRef = D0AD4CDF299E8A7600151954 /* 62218-pineapple-yoga-with-music.json */; };
		D0AD4CE2299E8F0D00151954 /* samosa.json in Resources */ = {isa = PBXBuildFile; fileRef = D0AD4CE1299E8F0D00151954 /* samosa.json */; };
		D0AD4CE4299F2AD000151954 /* SpicesCategories.swift in Sources */ = {isa = PBXBuildFile; fileRef = D0AD4CE3299F2AD000151954 /* SpicesCategories.swift */; };
		D0AD4CE6299F2CD600151954 /* SpicesDescriptionViewController.swift in Sources */ = {isa = PBXBuildFile; fileRef = D0AD4CE5299F2CD600151954 /* SpicesDescriptionViewController.swift */; };
		D0ADA46A294B7BAA00CF5B2E /* ViewForAllDishes.swift in Sources */ = {isa = PBXBuildFile; fileRef = D0ADA469294B7BAA00CF5B2E /* ViewForAllDishes.swift */; };
		D0ADA46C294B7C2800CF5B2E /* RecipeCollectionViewCell.swift in Sources */ = {isa = PBXBuildFile; fileRef = D0ADA46B294B7C2800CF5B2E /* RecipeCollectionViewCell.swift */; };
		D0ADA46E294B80A000CF5B2E /* AllRecipeCategory.swift in Sources */ = {isa = PBXBuildFile; fileRef = D0ADA46D294B80A000CF5B2E /* AllRecipeCategory.swift */; };
		D0B09C5829845FD400B2EEC2 /* NetworkMonitor.swift in Sources */ = {isa = PBXBuildFile; fileRef = D0B09C5729845FD400B2EEC2 /* NetworkMonitor.swift */; };
		D0C9DA1B295006F30058FB53 /* RecipeView.swift in Sources */ = {isa = PBXBuildFile; fileRef = D0C9DA1A295006F30058FB53 /* RecipeView.swift */; };
		D0C9DA20295007470058FB53 /* RecipeViewController.swift in Sources */ = {isa = PBXBuildFile; fileRef = D0C9DA1F295007470058FB53 /* RecipeViewController.swift */; };
		D0D6979E29799BEB00059F25 /* CulinaryWay.xcdatamodeld in Sources */ = {isa = PBXBuildFile; fileRef = D0D6979C29799BEB00059F25 /* CulinaryWay.xcdatamodeld */; };
		D0DB7B2D2955333C00C2EC69 /* FruitsDescriptionViewController.swift in Sources */ = {isa = PBXBuildFile; fileRef = D0DB7B2C2955333C00C2EC69 /* FruitsDescriptionViewController.swift */; };
		D0DB7B3029553C0B00C2EC69 /* FruitsDescriptionView.swift in Sources */ = {isa = PBXBuildFile; fileRef = D0DB7B2F29553C0B00C2EC69 /* FruitsDescriptionView.swift */; };
		D0E7793C29A953DA00DF4F5A /* VideoCategories.swift in Sources */ = {isa = PBXBuildFile; fileRef = D0E7793B29A953DA00DF4F5A /* VideoCategories.swift */; };
		D0E7793E29A9551F00DF4F5A /* VideoCategoriesCollectionViewCell.swift in Sources */ = {isa = PBXBuildFile; fileRef = D0E7793D29A9551F00DF4F5A /* VideoCategoriesCollectionViewCell.swift */; };
		D0E7794029A95A5A00DF4F5A /* VideoViewController.swift in Sources */ = {isa = PBXBuildFile; fileRef = D0E7793F29A95A5A00DF4F5A /* VideoViewController.swift */; };
/* End PBXBuildFile section */

/* Begin PBXFileReference section */
		0BC243737CB969C0734396B0 /* Pods-CulinaryWay.debug.xcconfig */ = {isa = PBXFileReference; includeInIndex = 1; lastKnownFileType = text.xcconfig; name = "Pods-CulinaryWay.debug.xcconfig"; path = "Target Support Files/Pods-CulinaryWay/Pods-CulinaryWay.debug.xcconfig"; sourceTree = "<group>"; };
		A596F2D9ABA1A8A8626D8F2C /* Pods-CulinaryWay.release.xcconfig */ = {isa = PBXFileReference; includeInIndex = 1; lastKnownFileType = text.xcconfig; name = "Pods-CulinaryWay.release.xcconfig"; path = "Target Support Files/Pods-CulinaryWay/Pods-CulinaryWay.release.xcconfig"; sourceTree = "<group>"; };
		D006E910299FE48400DBC66F /* SpiceCollectionViewCell.swift */ = {isa = PBXFileReference; lastKnownFileType = sourcecode.swift; path = SpiceCollectionViewCell.swift; sourceTree = "<group>"; };
		D0089F4329A0795F00D72689 /* MyCustomCollectionViewCell.swift */ = {isa = PBXFileReference; lastKnownFileType = sourcecode.swift; path = MyCustomCollectionViewCell.swift; sourceTree = "<group>"; };
		D0089F4C29A2884C00D72689 /* RecipeViewModel.swift */ = {isa = PBXFileReference; lastKnownFileType = sourcecode.swift; path = RecipeViewModel.swift; sourceTree = "<group>"; };
		D0089F5029A3E6A400D72689 /* MyFavoriteViewModel.swift */ = {isa = PBXFileReference; lastKnownFileType = sourcecode.swift; path = MyFavoriteViewModel.swift; sourceTree = "<group>"; };
		D016A2792982D92900164068 /* VideosCollectionViewCell.swift */ = {isa = PBXFileReference; lastKnownFileType = sourcecode.swift; path = VideosCollectionViewCell.swift; sourceTree = "<group>"; };
		D016A27B2982DCE200164068 /* VideoModel.swift */ = {isa = PBXFileReference; lastKnownFileType = sourcecode.swift; path = VideoModel.swift; sourceTree = "<group>"; };
		D016A27D2982E9AB00164068 /* ChutneyViewController.swift */ = {isa = PBXFileReference; lastKnownFileType = sourcecode.swift; path = ChutneyViewController.swift; sourceTree = "<group>"; };
		D023A82329BA76F10018E588 /* ReuseIdentifiable.swift */ = {isa = PBXFileReference; lastKnownFileType = sourcecode.swift; path = ReuseIdentifiable.swift; sourceTree = "<group>"; };
		D040EF59294A51170087D671 /* TabBarViewController.swift */ = {isa = PBXFileReference; lastKnownFileType = sourcecode.swift; path = TabBarViewController.swift; sourceTree = "<group>"; };
		D040EF5B294A51750087D671 /* MainViewController.swift */ = {isa = PBXFileReference; lastKnownFileType = sourcecode.swift; path = MainViewController.swift; sourceTree = "<group>"; };
		D040EF5D294A525E0087D671 /* SpicesViewController.swift */ = {isa = PBXFileReference; lastKnownFileType = sourcecode.swift; path = SpicesViewController.swift; sourceTree = "<group>"; };
		D040EF60294A53B30087D671 /* MainView.swift */ = {isa = PBXFileReference; lastKnownFileType = sourcecode.swift; path = MainView.swift; sourceTree = "<group>"; };
		D040EF63294A54770087D671 /* SpicesView.swift */ = {isa = PBXFileReference; lastKnownFileType = sourcecode.swift; path = SpicesView.swift; sourceTree = "<group>"; };
		D040EF65294A565C0087D671 /* VideoCategoriesViewController.swift */ = {isa = PBXFileReference; lastKnownFileType = sourcecode.swift; path = VideoCategoriesViewController.swift; sourceTree = "<group>"; };
		D040EF67294A56840087D671 /* MyFavoriteViewController.swift */ = {isa = PBXFileReference; lastKnownFileType = sourcecode.swift; path = MyFavoriteViewController.swift; sourceTree = "<group>"; };
		D040EF69294A569C0087D671 /* VideoView.swift */ = {isa = PBXFileReference; lastKnownFileType = sourcecode.swift; path = VideoView.swift; sourceTree = "<group>"; };
		D040EF6B294A56A50087D671 /* MyFavoriteView.swift */ = {isa = PBXFileReference; lastKnownFileType = sourcecode.swift; path = MyFavoriteView.swift; sourceTree = "<group>"; };
		D040EF6D294A597E0087D671 /* MainCollectionViewCell.swift */ = {isa = PBXFileReference; lastKnownFileType = sourcecode.swift; path = MainCollectionViewCell.swift; sourceTree = "<group>"; };
		D040EF70294A5E900087D671 /* DishesCategory.swift */ = {isa = PBXFileReference; lastKnownFileType = sourcecode.swift; path = DishesCategory.swift; sourceTree = "<group>"; };
		D040EF74294A84260087D671 /* BeanDishesViewController.swift */ = {isa = PBXFileReference; lastKnownFileType = sourcecode.swift; path = BeanDishesViewController.swift; sourceTree = "<group>"; };
		D040EF76294A86310087D671 /* RiceDishesViewController.swift */ = {isa = PBXFileReference; lastKnownFileType = sourcecode.swift; path = RiceDishesViewController.swift; sourceTree = "<group>"; };
		D040EF79294A86A10087D671 /* BreadViewController.swift */ = {isa = PBXFileReference; lastKnownFileType = sourcecode.swift; path = BreadViewController.swift; sourceTree = "<group>"; };
		D040EF7B294A878F0087D671 /* DessertsViewController.swift */ = {isa = PBXFileReference; lastKnownFileType = sourcecode.swift; path = DessertsViewController.swift; sourceTree = "<group>"; };
		D040EF7D294A87B60087D671 /* DrinkViewController.swift */ = {isa = PBXFileReference; lastKnownFileType = sourcecode.swift; path = DrinkViewController.swift; sourceTree = "<group>"; };
		D051EF75297B270F00833608 /* Dish+CoreDataClass.swift */ = {isa = PBXFileReference; fileEncoding = 4; lastKnownFileType = sourcecode.swift; path = "Dish+CoreDataClass.swift"; sourceTree = "<group>"; };
		D051EF76297B270F00833608 /* Dish+CoreDataProperties.swift */ = {isa = PBXFileReference; fileEncoding = 4; lastKnownFileType = sourcecode.swift; path = "Dish+CoreDataProperties.swift"; sourceTree = "<group>"; };
		D069DAFA294D3538000E93F4 /* NetworkLayer.swift */ = {isa = PBXFileReference; lastKnownFileType = sourcecode.swift; path = NetworkLayer.swift; sourceTree = "<group>"; };
		D069DAFC294D3542000E93F4 /* Errors.swift */ = {isa = PBXFileReference; lastKnownFileType = sourcecode.swift; path = Errors.swift; sourceTree = "<group>"; };
		D069DAFE294D354B000E93F4 /* URLSession.swift */ = {isa = PBXFileReference; lastKnownFileType = sourcecode.swift; path = URLSession.swift; sourceTree = "<group>"; };
		D069DB01294D357A000E93F4 /* NetworkTypes.swift */ = {isa = PBXFileReference; lastKnownFileType = sourcecode.swift; path = NetworkTypes.swift; sourceTree = "<group>"; };
		D069DB03294D3615000E93F4 /* FruitsModel.swift */ = {isa = PBXFileReference; lastKnownFileType = sourcecode.swift; path = FruitsModel.swift; sourceTree = "<group>"; };
		D070AC95294C2A3A0097629C /* FruitsViewController.swift */ = {isa = PBXFileReference; lastKnownFileType = sourcecode.swift; path = FruitsViewController.swift; sourceTree = "<group>"; };
		D072C45A29878EA100D588DC /* FruitCollectionViewCell.swift */ = {isa = PBXFileReference; lastKnownFileType = sourcecode.swift; path = FruitCollectionViewCell.swift; sourceTree = "<group>"; };
		D072C45C2988B30A00D588DC /* SabjiViewController.swift */ = {isa = PBXFileReference; lastKnownFileType = sourcecode.swift; path = SabjiViewController.swift; sourceTree = "<group>"; };
		D0AA9E59294A430A006EB54F /* CulinaryWay.app */ = {isa = PBXFileReference; explicitFileType = wrapper.application; includeInIndex = 0; path = CulinaryWay.app; sourceTree = BUILT_PRODUCTS_DIR; };
		D0AA9E5C294A430A006EB54F /* AppDelegate.swift */ = {isa = PBXFileReference; lastKnownFileType = sourcecode.swift; path = AppDelegate.swift; sourceTree = "<group>"; };
		D0AA9E5E294A430A006EB54F /* SceneDelegate.swift */ = {isa = PBXFileReference; lastKnownFileType = sourcecode.swift; path = SceneDelegate.swift; sourceTree = "<group>"; };
		D0AA9E65294A430B006EB54F /* Assets.xcassets */ = {isa = PBXFileReference; lastKnownFileType = folder.assetcatalog; path = Assets.xcassets; sourceTree = "<group>"; };
		D0AA9E68294A430B006EB54F /* Base */ = {isa = PBXFileReference; lastKnownFileType = file.storyboard; name = Base; path = Base.lproj/LaunchScreen.storyboard; sourceTree = "<group>"; };
		D0AA9E6A294A430B006EB54F /* Info.plist */ = {isa = PBXFileReference; lastKnownFileType = text.plist.xml; path = Info.plist; sourceTree = "<group>"; };
		D0AD4CDF299E8A7600151954 /* 62218-pineapple-yoga-with-music.json */ = {isa = PBXFileReference; fileEncoding = 4; lastKnownFileType = text.json; path = "62218-pineapple-yoga-with-music.json"; sourceTree = "<group>"; };
		D0AD4CE1299E8F0D00151954 /* samosa.json */ = {isa = PBXFileReference; fileEncoding = 4; lastKnownFileType = text.json; path = samosa.json; sourceTree = "<group>"; };
		D0AD4CE3299F2AD000151954 /* SpicesCategories.swift */ = {isa = PBXFileReference; lastKnownFileType = sourcecode.swift; path = SpicesCategories.swift; sourceTree = "<group>"; };
		D0AD4CE5299F2CD600151954 /* SpicesDescriptionViewController.swift */ = {isa = PBXFileReference; lastKnownFileType = sourcecode.swift; path = SpicesDescriptionViewController.swift; sourceTree = "<group>"; };
		D0ADA469294B7BAA00CF5B2E /* ViewForAllDishes.swift */ = {isa = PBXFileReference; lastKnownFileType = sourcecode.swift; path = ViewForAllDishes.swift; sourceTree = "<group>"; };
		D0ADA46B294B7C2800CF5B2E /* RecipeCollectionViewCell.swift */ = {isa = PBXFileReference; lastKnownFileType = sourcecode.swift; path = RecipeCollectionViewCell.swift; sourceTree = "<group>"; };
		D0ADA46D294B80A000CF5B2E /* AllRecipeCategory.swift */ = {isa = PBXFileReference; lastKnownFileType = sourcecode.swift; path = AllRecipeCategory.swift; sourceTree = "<group>"; };
		D0B09C5729845FD400B2EEC2 /* NetworkMonitor.swift */ = {isa = PBXFileReference; lastKnownFileType = sourcecode.swift; path = NetworkMonitor.swift; sourceTree = "<group>"; };
		D0C9DA1A295006F30058FB53 /* RecipeView.swift */ = {isa = PBXFileReference; lastKnownFileType = sourcecode.swift; path = RecipeView.swift; sourceTree = "<group>"; };
		D0C9DA1F295007470058FB53 /* RecipeViewController.swift */ = {isa = PBXFileReference; lastKnownFileType = sourcecode.swift; path = RecipeViewController.swift; sourceTree = "<group>"; };
		D0D6979D29799BEB00059F25 /* CulinaryDataModel.xcdatamodel */ = {isa = PBXFileReference; lastKnownFileType = wrapper.xcdatamodel; path = CulinaryDataModel.xcdatamodel; sourceTree = "<group>"; };
		D0DB7B2C2955333C00C2EC69 /* FruitsDescriptionViewController.swift */ = {isa = PBXFileReference; lastKnownFileType = sourcecode.swift; path = FruitsDescriptionViewController.swift; sourceTree = "<group>"; };
		D0DB7B2F29553C0B00C2EC69 /* FruitsDescriptionView.swift */ = {isa = PBXFileReference; lastKnownFileType = sourcecode.swift; path = FruitsDescriptionView.swift; sourceTree = "<group>"; };
		D0E7793B29A953DA00DF4F5A /* VideoCategories.swift */ = {isa = PBXFileReference; lastKnownFileType = sourcecode.swift; path = VideoCategories.swift; sourceTree = "<group>"; };
		D0E7793D29A9551F00DF4F5A /* VideoCategoriesCollectionViewCell.swift */ = {isa = PBXFileReference; lastKnownFileType = sourcecode.swift; path = VideoCategoriesCollectionViewCell.swift; sourceTree = "<group>"; };
		D0E7793F29A95A5A00DF4F5A /* VideoViewController.swift */ = {isa = PBXFileReference; lastKnownFileType = sourcecode.swift; path = VideoViewController.swift; sourceTree = "<group>"; };
		FA401504BA354717E0209440 /* Pods_CulinaryWay.framework */ = {isa = PBXFileReference; explicitFileType = wrapper.framework; includeInIndex = 0; path = Pods_CulinaryWay.framework; sourceTree = BUILT_PRODUCTS_DIR; };
/* End PBXFileReference section */

/* Begin PBXFrameworksBuildPhase section */
		D0AA9E56294A430A006EB54F /* Frameworks */ = {
			isa = PBXFrameworksBuildPhase;
			buildActionMask = 2147483647;
			files = (
				66D4E7F75176898E2F93B843 /* Pods_CulinaryWay.framework in Frameworks */,
				D0AD4CDE299E898300151954 /* Lottie in Frameworks */,
				D0089F4229A0793400D72689 /* CollectionViewPagingLayout in Frameworks */,
			);
			runOnlyForDeploymentPostprocessing = 0;
		};
/* End PBXFrameworksBuildPhase section */

/* Begin PBXGroup section */
		5A676574FF16909F2AE0EA7C /* Pods */ = {
			isa = PBXGroup;
			children = (
				0BC243737CB969C0734396B0 /* Pods-CulinaryWay.debug.xcconfig */,
				A596F2D9ABA1A8A8626D8F2C /* Pods-CulinaryWay.release.xcconfig */,
			);
			path = Pods;
			sourceTree = "<group>";
		};
		7D3473363F2C2D1456BCFA22 /* Frameworks */ = {
			isa = PBXGroup;
			children = (
				FA401504BA354717E0209440 /* Pods_CulinaryWay.framework */,
			);
			name = Frameworks;
			sourceTree = "<group>";
		};
		D0089F4B29A2882600D72689 /* ViewModel */ = {
			isa = PBXGroup;
			children = (
				D0089F4C29A2884C00D72689 /* RecipeViewModel.swift */,
				D0089F5029A3E6A400D72689 /* MyFavoriteViewModel.swift */,
			);
			path = ViewModel;
			sourceTree = "<group>";
		};
		D023A82229BA76E20018E588 /* Extensions */ = {
			isa = PBXGroup;
			children = (
				D023A82329BA76F10018E588 /* ReuseIdentifiable.swift */,
			);
			path = Extensions;
			sourceTree = "<group>";
		};
		D040EF5F294A53970087D671 /* View */ = {
			isa = PBXGroup;
			children = (
				D0ADA468294B7B5600CF5B2E /* MainsViews */,
				D040EF60294A53B30087D671 /* MainView.swift */,
				D0ADA469294B7BAA00CF5B2E /* ViewForAllDishes.swift */,
				D040EF63294A54770087D671 /* SpicesView.swift */,
				D040EF69294A569C0087D671 /* VideoView.swift */,
				D040EF6B294A56A50087D671 /* MyFavoriteView.swift */,
				D040EF6D294A597E0087D671 /* MainCollectionViewCell.swift */,
				D0089F4329A0795F00D72689 /* MyCustomCollectionViewCell.swift */,
				D006E910299FE48400DBC66F /* SpiceCollectionViewCell.swift */,
				D0E7793D29A9551F00DF4F5A /* VideoCategoriesCollectionViewCell.swift */,
				D072C45A29878EA100D588DC /* FruitCollectionViewCell.swift */,
				D016A2792982D92900164068 /* VideosCollectionViewCell.swift */,
				D0ADA46B294B7C2800CF5B2E /* RecipeCollectionViewCell.swift */,
			);
			path = View;
			sourceTree = "<group>";
		};
		D040EF62294A54640087D671 /* Controllers */ = {
			isa = PBXGroup;
			children = (
				D0C9DA1F295007470058FB53 /* RecipeViewController.swift */,
				D040EF5B294A51750087D671 /* MainViewController.swift */,
				D040EF5D294A525E0087D671 /* SpicesViewController.swift */,
				D0AD4CE5299F2CD600151954 /* SpicesDescriptionViewController.swift */,
				D040EF65294A565C0087D671 /* VideoCategoriesViewController.swift */,
				D0E7793F29A95A5A00DF4F5A /* VideoViewController.swift */,
				D070AC95294C2A3A0097629C /* FruitsViewController.swift */,
				D0DB7B2C2955333C00C2EC69 /* FruitsDescriptionViewController.swift */,
				D040EF67294A56840087D671 /* MyFavoriteViewController.swift */,
				D040EF59294A51170087D671 /* TabBarViewController.swift */,
				D040EF78294A86550087D671 /* MainControllers */,
			);
			path = Controllers;
			sourceTree = "<group>";
		};
		D040EF6F294A5E780087D671 /* Model */ = {
			isa = PBXGroup;
			children = (
				D040EF70294A5E900087D671 /* DishesCategory.swift */,
				D0ADA46D294B80A000CF5B2E /* AllRecipeCategory.swift */,
				D016A27B2982DCE200164068 /* VideoModel.swift */,
				D0E7793B29A953DA00DF4F5A /* VideoCategories.swift */,
				D0AD4CE3299F2AD000151954 /* SpicesCategories.swift */,
			);
			path = Model;
			sourceTree = "<group>";
		};
		D040EF78294A86550087D671 /* MainControllers */ = {
			isa = PBXGroup;
			children = (
				D040EF74294A84260087D671 /* BeanDishesViewController.swift */,
				D040EF76294A86310087D671 /* RiceDishesViewController.swift */,
				D040EF79294A86A10087D671 /* BreadViewController.swift */,
				D040EF7B294A878F0087D671 /* DessertsViewController.swift */,
				D040EF7D294A87B60087D671 /* DrinkViewController.swift */,
				D072C45C2988B30A00D588DC /* SabjiViewController.swift */,
				D016A27D2982E9AB00164068 /* ChutneyViewController.swift */,
			);
			path = MainControllers;
			sourceTree = "<group>";
		};
		D069DAF9294D351B000E93F4 /* NetworkLayer */ = {
			isa = PBXGroup;
			children = (
				D069DB00294D3562000E93F4 /* NetworkModel */,
				D069DAFA294D3538000E93F4 /* NetworkLayer.swift */,
				D069DAFC294D3542000E93F4 /* Errors.swift */,
				D069DAFE294D354B000E93F4 /* URLSession.swift */,
			);
			path = NetworkLayer;
			sourceTree = "<group>";
		};
		D069DB00294D3562000E93F4 /* NetworkModel */ = {
			isa = PBXGroup;
			children = (
				D069DB01294D357A000E93F4 /* NetworkTypes.swift */,
				D069DB03294D3615000E93F4 /* FruitsModel.swift */,
			);
			path = NetworkModel;
			sourceTree = "<group>";
		};
		D0AA9E50294A430A006EB54F = {
			isa = PBXGroup;
			children = (
				D0AA9E5B294A430A006EB54F /* CulinaryWay */,
				D0AA9E5A294A430A006EB54F /* Products */,
				5A676574FF16909F2AE0EA7C /* Pods */,
				7D3473363F2C2D1456BCFA22 /* Frameworks */,
			);
			sourceTree = "<group>";
		};
		D0AA9E5A294A430A006EB54F /* Products */ = {
			isa = PBXGroup;
			children = (
				D0AA9E59294A430A006EB54F /* CulinaryWay.app */,
			);
			name = Products;
			sourceTree = "<group>";
		};
		D0AA9E5B294A430A006EB54F /* CulinaryWay */ = {
			isa = PBXGroup;
			children = (
				D023A82229BA76E20018E588 /* Extensions */,
				D0089F4B29A2882600D72689 /* ViewModel */,
				D0B09C5629845FBC00B2EEC2 /* NetworkMonitor */,
				D0D6979F29799E2500059F25 /* CoreData */,
				D069DAF9294D351B000E93F4 /* NetworkLayer */,
				D040EF6F294A5E780087D671 /* Model */,
				D040EF62294A54640087D671 /* Controllers */,
				D040EF5F294A53970087D671 /* View */,
				D0AA9E5C294A430A006EB54F /* AppDelegate.swift */,
				D0AA9E5E294A430A006EB54F /* SceneDelegate.swift */,
				D0AA9E65294A430B006EB54F /* Assets.xcassets */,
				D0AA9E67294A430B006EB54F /* LaunchScreen.storyboard */,
				D0AD4CDF299E8A7600151954 /* 62218-pineapple-yoga-with-music.json */,
				D0AD4CE1299E8F0D00151954 /* samosa.json */,
				D0AA9E6A294A430B006EB54F /* Info.plist */,
				D0D6979C29799BEB00059F25 /* CulinaryWay.xcdatamodeld */,
			);
			path = CulinaryWay;
			sourceTree = "<group>";
		};
		D0ADA468294B7B5600CF5B2E /* MainsViews */ = {
			isa = PBXGroup;
			children = (
				D0DB7B2E29553BC500C2EC69 /* FruitsView */,
				D0C9DA19295006CB0058FB53 /* DishesViews */,
			);
			path = MainsViews;
			sourceTree = "<group>";
		};
		D0B09C5629845FBC00B2EEC2 /* NetworkMonitor */ = {
			isa = PBXGroup;
			children = (
				D0B09C5729845FD400B2EEC2 /* NetworkMonitor.swift */,
			);
			path = NetworkMonitor;
			sourceTree = "<group>";
		};
		D0C9DA19295006CB0058FB53 /* DishesViews */ = {
			isa = PBXGroup;
			children = (
				D0C9DA1A295006F30058FB53 /* RecipeView.swift */,
			);
			path = DishesViews;
			sourceTree = "<group>";
		};
		D0D6979F29799E2500059F25 /* CoreData */ = {
			isa = PBXGroup;
			children = (
				D051EF75297B270F00833608 /* Dish+CoreDataClass.swift */,
				D051EF76297B270F00833608 /* Dish+CoreDataProperties.swift */,
			);
			path = CoreData;
			sourceTree = "<group>";
		};
		D0DB7B2E29553BC500C2EC69 /* FruitsView */ = {
			isa = PBXGroup;
			children = (
				D0DB7B2F29553C0B00C2EC69 /* FruitsDescriptionView.swift */,
			);
			path = FruitsView;
			sourceTree = "<group>";
		};
/* End PBXGroup section */

/* Begin PBXNativeTarget section */
		D0AA9E58294A430A006EB54F /* CulinaryWay */ = {
			isa = PBXNativeTarget;
			buildConfigurationList = D0AA9E6D294A430B006EB54F /* Build configuration list for PBXNativeTarget "CulinaryWay" */;
			buildPhases = (
				095C65EF7946A326A7782B18 /* [CP] Check Pods Manifest.lock */,
				D0AA9E55294A430A006EB54F /* Sources */,
				D0AA9E56294A430A006EB54F /* Frameworks */,
				D0AA9E57294A430A006EB54F /* Resources */,
				5226516CCCB46B3C8BB09AA7 /* [CP] Embed Pods Frameworks */,
			);
			buildRules = (
			);
			dependencies = (
			);
			name = CulinaryWay;
			packageProductDependencies = (
				D0AD4CDD299E898300151954 /* Lottie */,
				D0089F4129A0793400D72689 /* CollectionViewPagingLayout */,
			);
			productName = CulinaryWay;
			productReference = D0AA9E59294A430A006EB54F /* CulinaryWay.app */;
			productType = "com.apple.product-type.application";
		};
/* End PBXNativeTarget section */

/* Begin PBXProject section */
		D0AA9E51294A430A006EB54F /* Project object */ = {
			isa = PBXProject;
			attributes = {
				BuildIndependentTargetsInParallel = 1;
				LastSwiftUpdateCheck = 1410;
				LastUpgradeCheck = 1410;
				TargetAttributes = {
					D0AA9E58294A430A006EB54F = {
						CreatedOnToolsVersion = 14.1;
					};
				};
			};
			buildConfigurationList = D0AA9E54294A430A006EB54F /* Build configuration list for PBXProject "CulinaryWay" */;
			compatibilityVersion = "Xcode 14.0";
			developmentRegion = en;
			hasScannedForEncodings = 0;
			knownRegions = (
				en,
				Base,
			);
			mainGroup = D0AA9E50294A430A006EB54F;
			packageReferences = (
				D0AD4CDC299E898300151954 /* XCRemoteSwiftPackageReference "lottie-ios" */,
				D0089F4029A0793400D72689 /* XCRemoteSwiftPackageReference "CollectionViewPagingLayout" */,
			);
			productRefGroup = D0AA9E5A294A430A006EB54F /* Products */;
			projectDirPath = "";
			projectRoot = "";
			targets = (
				D0AA9E58294A430A006EB54F /* CulinaryWay */,
			);
		};
/* End PBXProject section */

/* Begin PBXResourcesBuildPhase section */
		D0AA9E57294A430A006EB54F /* Resources */ = {
			isa = PBXResourcesBuildPhase;
			buildActionMask = 2147483647;
			files = (
				D0AD4CE0299E8A7600151954 /* 62218-pineapple-yoga-with-music.json in Resources */,
				D0AA9E69294A430B006EB54F /* LaunchScreen.storyboard in Resources */,
				D0AA9E66294A430B006EB54F /* Assets.xcassets in Resources */,
				D0AD4CE2299E8F0D00151954 /* samosa.json in Resources */,
			);
			runOnlyForDeploymentPostprocessing = 0;
		};
/* End PBXResourcesBuildPhase section */

/* Begin PBXShellScriptBuildPhase section */
		095C65EF7946A326A7782B18 /* [CP] Check Pods Manifest.lock */ = {
			isa = PBXShellScriptBuildPhase;
			buildActionMask = 2147483647;
			files = (
			);
			inputFileListPaths = (
			);
			inputPaths = (
				"${PODS_PODFILE_DIR_PATH}/Podfile.lock",
				"${PODS_ROOT}/Manifest.lock",
			);
			name = "[CP] Check Pods Manifest.lock";
			outputFileListPaths = (
			);
			outputPaths = (
				"$(DERIVED_FILE_DIR)/Pods-CulinaryWay-checkManifestLockResult.txt",
			);
			runOnlyForDeploymentPostprocessing = 0;
			shellPath = /bin/sh;
			shellScript = "diff \"${PODS_PODFILE_DIR_PATH}/Podfile.lock\" \"${PODS_ROOT}/Manifest.lock\" > /dev/null\nif [ $? != 0 ] ; then\n    # print error to STDERR\n    echo \"error: The sandbox is not in sync with the Podfile.lock. Run 'pod install' or update your CocoaPods installation.\" >&2\n    exit 1\nfi\n# This output is used by Xcode 'outputs' to avoid re-running this script phase.\necho \"SUCCESS\" > \"${SCRIPT_OUTPUT_FILE_0}\"\n";
			showEnvVarsInLog = 0;
		};
		5226516CCCB46B3C8BB09AA7 /* [CP] Embed Pods Frameworks */ = {
			isa = PBXShellScriptBuildPhase;
			buildActionMask = 2147483647;
			files = (
			);
			inputFileListPaths = (
				"${PODS_ROOT}/Target Support Files/Pods-CulinaryWay/Pods-CulinaryWay-frameworks-${CONFIGURATION}-input-files.xcfilelist",
			);
			name = "[CP] Embed Pods Frameworks";
			outputFileListPaths = (
				"${PODS_ROOT}/Target Support Files/Pods-CulinaryWay/Pods-CulinaryWay-frameworks-${CONFIGURATION}-output-files.xcfilelist",
			);
			runOnlyForDeploymentPostprocessing = 0;
			shellPath = /bin/sh;
			shellScript = "\"${PODS_ROOT}/Target Support Files/Pods-CulinaryWay/Pods-CulinaryWay-frameworks.sh\"\n";
			showEnvVarsInLog = 0;
		};
/* End PBXShellScriptBuildPhase section */

/* Begin PBXSourcesBuildPhase section */
		D0AA9E55294A430A006EB54F /* Sources */ = {
			isa = PBXSourcesBuildPhase;
			buildActionMask = 2147483647;
			files = (
				D0C9DA1B295006F30058FB53 /* RecipeView.swift in Sources */,
				D072C45B29878EA100D588DC /* FruitCollectionViewCell.swift in Sources */,
				D040EF68294A56840087D671 /* MyFavoriteViewController.swift in Sources */,
				D040EF6C294A56A50087D671 /* MyFavoriteView.swift in Sources */,
				D040EF5A294A51170087D671 /* TabBarViewController.swift in Sources */,
				D040EF7E294A87B60087D671 /* DrinkViewController.swift in Sources */,
				D0089F4D29A2884C00D72689 /* RecipeViewModel.swift in Sources */,
				D051EF78297B270F00833608 /* Dish+CoreDataProperties.swift in Sources */,
				D069DB02294D357A000E93F4 /* NetworkTypes.swift in Sources */,
				D040EF7C294A878F0087D671 /* DessertsViewController.swift in Sources */,
				D040EF61294A53B30087D671 /* MainView.swift in Sources */,
				D0D6979E29799BEB00059F25 /* CulinaryWay.xcdatamodeld in Sources */,
				D0ADA46A294B7BAA00CF5B2E /* ViewForAllDishes.swift in Sources */,
				D040EF66294A565C0087D671 /* VideoCategoriesViewController.swift in Sources */,
				D0E7793C29A953DA00DF4F5A /* VideoCategories.swift in Sources */,
				D069DAFF294D354B000E93F4 /* URLSession.swift in Sources */,
				D040EF6E294A597E0087D671 /* MainCollectionViewCell.swift in Sources */,
				D040EF5E294A525E0087D671 /* SpicesViewController.swift in Sources */,
				D0AA9E5D294A430A006EB54F /* AppDelegate.swift in Sources */,
				D016A27E2982E9AB00164068 /* ChutneyViewController.swift in Sources */,
				D069DAFB294D3538000E93F4 /* NetworkLayer.swift in Sources */,
				D040EF75294A84260087D671 /* BeanDishesViewController.swift in Sources */,
				D040EF64294A54770087D671 /* SpicesView.swift in Sources */,
				D0DB7B3029553C0B00C2EC69 /* FruitsDescriptionView.swift in Sources */,
				D040EF77294A86310087D671 /* RiceDishesViewController.swift in Sources */,
				D006E911299FE48400DBC66F /* SpiceCollectionViewCell.swift in Sources */,
				D069DAFD294D3542000E93F4 /* Errors.swift in Sources */,
				D0089F5129A3E6A400D72689 /* MyFavoriteViewModel.swift in Sources */,
				D0ADA46E294B80A000CF5B2E /* AllRecipeCategory.swift in Sources */,
				D0DB7B2D2955333C00C2EC69 /* FruitsDescriptionViewController.swift in Sources */,
				D0ADA46C294B7C2800CF5B2E /* RecipeCollectionViewCell.swift in Sources */,
				D0AA9E5F294A430A006EB54F /* SceneDelegate.swift in Sources */,
				D040EF71294A5E900087D671 /* DishesCategory.swift in Sources */,
				D0AD4CE6299F2CD600151954 /* SpicesDescriptionViewController.swift in Sources */,
				D040EF7A294A86A10087D671 /* BreadViewController.swift in Sources */,
				D040EF6A294A569C0087D671 /* VideoView.swift in Sources */,
				D023A82429BA76F10018E588 /* ReuseIdentifiable.swift in Sources */,
				D051EF77297B270F00833608 /* Dish+CoreDataClass.swift in Sources */,
				D0089F4429A0795F00D72689 /* MyCustomCollectionViewCell.swift in Sources */,
				D0E7793E29A9551F00DF4F5A /* VideoCategoriesCollectionViewCell.swift in Sources */,
				D0AD4CE4299F2AD000151954 /* SpicesCategories.swift in Sources */,
				D016A27A2982D92900164068 /* VideosCollectionViewCell.swift in Sources */,
				D072C45D2988B30A00D588DC /* SabjiViewController.swift in Sources */,
				D016A27C2982DCE200164068 /* VideoModel.swift in Sources */,
				D0E7794029A95A5A00DF4F5A /* VideoViewController.swift in Sources */,
				D0C9DA20295007470058FB53 /* RecipeViewController.swift in Sources */,
				D070AC96294C2A3A0097629C /* FruitsViewController.swift in Sources */,
				D0B09C5829845FD400B2EEC2 /* NetworkMonitor.swift in Sources */,
				D069DB04294D3615000E93F4 /* FruitsModel.swift in Sources */,
				D040EF5C294A51750087D671 /* MainViewController.swift in Sources */,
			);
			runOnlyForDeploymentPostprocessing = 0;
		};
/* End PBXSourcesBuildPhase section */

/* Begin PBXVariantGroup section */
		D0AA9E67294A430B006EB54F /* LaunchScreen.storyboard */ = {
			isa = PBXVariantGroup;
			children = (
				D0AA9E68294A430B006EB54F /* Base */,
			);
			name = LaunchScreen.storyboard;
			sourceTree = "<group>";
		};
/* End PBXVariantGroup section */

/* Begin XCBuildConfiguration section */
		D0AA9E6B294A430B006EB54F /* Debug */ = {
			isa = XCBuildConfiguration;
			buildSettings = {
				ALWAYS_SEARCH_USER_PATHS = NO;
				CLANG_ANALYZER_NONNULL = YES;
				CLANG_ANALYZER_NUMBER_OBJECT_CONVERSION = YES_AGGRESSIVE;
				CLANG_CXX_LANGUAGE_STANDARD = "gnu++20";
				CLANG_ENABLE_MODULES = YES;
				CLANG_ENABLE_OBJC_ARC = YES;
				CLANG_ENABLE_OBJC_WEAK = YES;
				CLANG_WARN_BLOCK_CAPTURE_AUTORELEASING = YES;
				CLANG_WARN_BOOL_CONVERSION = YES;
				CLANG_WARN_COMMA = YES;
				CLANG_WARN_CONSTANT_CONVERSION = YES;
				CLANG_WARN_DEPRECATED_OBJC_IMPLEMENTATIONS = YES;
				CLANG_WARN_DIRECT_OBJC_ISA_USAGE = YES_ERROR;
				CLANG_WARN_DOCUMENTATION_COMMENTS = YES;
				CLANG_WARN_EMPTY_BODY = YES;
				CLANG_WARN_ENUM_CONVERSION = YES;
				CLANG_WARN_INFINITE_RECURSION = YES;
				CLANG_WARN_INT_CONVERSION = YES;
				CLANG_WARN_NON_LITERAL_NULL_CONVERSION = YES;
				CLANG_WARN_OBJC_IMPLICIT_RETAIN_SELF = YES;
				CLANG_WARN_OBJC_LITERAL_CONVERSION = YES;
				CLANG_WARN_OBJC_ROOT_CLASS = YES_ERROR;
				CLANG_WARN_QUOTED_INCLUDE_IN_FRAMEWORK_HEADER = YES;
				CLANG_WARN_RANGE_LOOP_ANALYSIS = YES;
				CLANG_WARN_STRICT_PROTOTYPES = YES;
				CLANG_WARN_SUSPICIOUS_MOVE = YES;
				CLANG_WARN_UNGUARDED_AVAILABILITY = YES_AGGRESSIVE;
				CLANG_WARN_UNREACHABLE_CODE = YES;
				CLANG_WARN__DUPLICATE_METHOD_MATCH = YES;
				COPY_PHASE_STRIP = NO;
				DEBUG_INFORMATION_FORMAT = dwarf;
				ENABLE_STRICT_OBJC_MSGSEND = YES;
				ENABLE_TESTABILITY = YES;
				GCC_C_LANGUAGE_STANDARD = gnu11;
				GCC_DYNAMIC_NO_PIC = NO;
				GCC_NO_COMMON_BLOCKS = YES;
				GCC_OPTIMIZATION_LEVEL = 0;
				GCC_PREPROCESSOR_DEFINITIONS = (
					"DEBUG=1",
					"$(inherited)",
				);
				GCC_WARN_64_TO_32_BIT_CONVERSION = YES;
				GCC_WARN_ABOUT_RETURN_TYPE = YES_ERROR;
				GCC_WARN_UNDECLARED_SELECTOR = YES;
				GCC_WARN_UNINITIALIZED_AUTOS = YES_AGGRESSIVE;
				GCC_WARN_UNUSED_FUNCTION = YES;
				GCC_WARN_UNUSED_VARIABLE = YES;
				IPHONEOS_DEPLOYMENT_TARGET = 16.1;
				MTL_ENABLE_DEBUG_INFO = INCLUDE_SOURCE;
				MTL_FAST_MATH = YES;
				ONLY_ACTIVE_ARCH = YES;
				SDKROOT = iphoneos;
				SWIFT_ACTIVE_COMPILATION_CONDITIONS = DEBUG;
				SWIFT_OPTIMIZATION_LEVEL = "-Onone";
			};
			name = Debug;
		};
		D0AA9E6C294A430B006EB54F /* Release */ = {
			isa = XCBuildConfiguration;
			buildSettings = {
				ALWAYS_SEARCH_USER_PATHS = NO;
				CLANG_ANALYZER_NONNULL = YES;
				CLANG_ANALYZER_NUMBER_OBJECT_CONVERSION = YES_AGGRESSIVE;
				CLANG_CXX_LANGUAGE_STANDARD = "gnu++20";
				CLANG_ENABLE_MODULES = YES;
				CLANG_ENABLE_OBJC_ARC = YES;
				CLANG_ENABLE_OBJC_WEAK = YES;
				CLANG_WARN_BLOCK_CAPTURE_AUTORELEASING = YES;
				CLANG_WARN_BOOL_CONVERSION = YES;
				CLANG_WARN_COMMA = YES;
				CLANG_WARN_CONSTANT_CONVERSION = YES;
				CLANG_WARN_DEPRECATED_OBJC_IMPLEMENTATIONS = YES;
				CLANG_WARN_DIRECT_OBJC_ISA_USAGE = YES_ERROR;
				CLANG_WARN_DOCUMENTATION_COMMENTS = YES;
				CLANG_WARN_EMPTY_BODY = YES;
				CLANG_WARN_ENUM_CONVERSION = YES;
				CLANG_WARN_INFINITE_RECURSION = YES;
				CLANG_WARN_INT_CONVERSION = YES;
				CLANG_WARN_NON_LITERAL_NULL_CONVERSION = YES;
				CLANG_WARN_OBJC_IMPLICIT_RETAIN_SELF = YES;
				CLANG_WARN_OBJC_LITERAL_CONVERSION = YES;
				CLANG_WARN_OBJC_ROOT_CLASS = YES_ERROR;
				CLANG_WARN_QUOTED_INCLUDE_IN_FRAMEWORK_HEADER = YES;
				CLANG_WARN_RANGE_LOOP_ANALYSIS = YES;
				CLANG_WARN_STRICT_PROTOTYPES = YES;
				CLANG_WARN_SUSPICIOUS_MOVE = YES;
				CLANG_WARN_UNGUARDED_AVAILABILITY = YES_AGGRESSIVE;
				CLANG_WARN_UNREACHABLE_CODE = YES;
				CLANG_WARN__DUPLICATE_METHOD_MATCH = YES;
				COPY_PHASE_STRIP = NO;
				DEBUG_INFORMATION_FORMAT = "dwarf-with-dsym";
				ENABLE_NS_ASSERTIONS = NO;
				ENABLE_STRICT_OBJC_MSGSEND = YES;
				GCC_C_LANGUAGE_STANDARD = gnu11;
				GCC_NO_COMMON_BLOCKS = YES;
				GCC_WARN_64_TO_32_BIT_CONVERSION = YES;
				GCC_WARN_ABOUT_RETURN_TYPE = YES_ERROR;
				GCC_WARN_UNDECLARED_SELECTOR = YES;
				GCC_WARN_UNINITIALIZED_AUTOS = YES_AGGRESSIVE;
				GCC_WARN_UNUSED_FUNCTION = YES;
				GCC_WARN_UNUSED_VARIABLE = YES;
				IPHONEOS_DEPLOYMENT_TARGET = 16.1;
				MTL_ENABLE_DEBUG_INFO = NO;
				MTL_FAST_MATH = YES;
				SDKROOT = iphoneos;
				SWIFT_COMPILATION_MODE = wholemodule;
				SWIFT_OPTIMIZATION_LEVEL = "-O";
				VALIDATE_PRODUCT = YES;
			};
			name = Release;
		};
		D0AA9E6E294A430B006EB54F /* Debug */ = {
			isa = XCBuildConfiguration;
			baseConfigurationReference = 0BC243737CB969C0734396B0 /* Pods-CulinaryWay.debug.xcconfig */;
			buildSettings = {
				ASSETCATALOG_COMPILER_APPICON_NAME = AppIcon;
				ASSETCATALOG_COMPILER_GLOBAL_ACCENT_COLOR_NAME = AccentColor;
				CODE_SIGN_STYLE = Automatic;
				CURRENT_PROJECT_VERSION = 1;
				DEVELOPMENT_TEAM = 3GM562BC5S;
				GENERATE_INFOPLIST_FILE = YES;
				INFOPLIST_FILE = CulinaryWay/Info.plist;
				INFOPLIST_KEY_UIApplicationSupportsIndirectInputEvents = YES;
				INFOPLIST_KEY_UILaunchStoryboardName = LaunchScreen;
				INFOPLIST_KEY_UISupportedInterfaceOrientations_iPad = "UIInterfaceOrientationPortrait UIInterfaceOrientationPortraitUpsideDown UIInterfaceOrientationLandscapeLeft UIInterfaceOrientationLandscapeRight";
				INFOPLIST_KEY_UISupportedInterfaceOrientations_iPhone = "UIInterfaceOrientationPortrait UIInterfaceOrientationLandscapeLeft UIInterfaceOrientationLandscapeRight";
				IPHONEOS_DEPLOYMENT_TARGET = 16.0;
				LD_RUNPATH_SEARCH_PATHS = (
					"$(inherited)",
					"@executable_path/Frameworks",
				);
				MARKETING_VERSION = 1.0;
				PRODUCT_BUNDLE_IDENTIFIER = Junior.CulinaryWay;
				PRODUCT_NAME = "$(TARGET_NAME)";
				SUPPORTED_PLATFORMS = "iphoneos iphonesimulator";
				SUPPORTS_MACCATALYST = NO;
				SUPPORTS_MAC_DESIGNED_FOR_IPHONE_IPAD = NO;
				SWIFT_EMIT_LOC_STRINGS = YES;
				SWIFT_VERSION = 5.0;
				TARGETED_DEVICE_FAMILY = "1,2";
			};
			name = Debug;
		};
		D0AA9E6F294A430B006EB54F /* Release */ = {
			isa = XCBuildConfiguration;
			baseConfigurationReference = A596F2D9ABA1A8A8626D8F2C /* Pods-CulinaryWay.release.xcconfig */;
			buildSettings = {
				ASSETCATALOG_COMPILER_APPICON_NAME = AppIcon;
				ASSETCATALOG_COMPILER_GLOBAL_ACCENT_COLOR_NAME = AccentColor;
				CODE_SIGN_STYLE = Automatic;
				CURRENT_PROJECT_VERSION = 1;
				DEVELOPMENT_TEAM = 3GM562BC5S;
				GENERATE_INFOPLIST_FILE = YES;
				INFOPLIST_FILE = CulinaryWay/Info.plist;
				INFOPLIST_KEY_UIApplicationSupportsIndirectInputEvents = YES;
				INFOPLIST_KEY_UILaunchStoryboardName = LaunchScreen;
				INFOPLIST_KEY_UISupportedInterfaceOrientations_iPad = "UIInterfaceOrientationPortrait UIInterfaceOrientationPortraitUpsideDown UIInterfaceOrientationLandscapeLeft UIInterfaceOrientationLandscapeRight";
				INFOPLIST_KEY_UISupportedInterfaceOrientations_iPhone = "UIInterfaceOrientationPortrait UIInterfaceOrientationLandscapeLeft UIInterfaceOrientationLandscapeRight";
				IPHONEOS_DEPLOYMENT_TARGET = 16.0;
				LD_RUNPATH_SEARCH_PATHS = (
					"$(inherited)",
					"@executable_path/Frameworks",
				);
				MARKETING_VERSION = 1.0;
				PRODUCT_BUNDLE_IDENTIFIER = Junior.CulinaryWay;
				PRODUCT_NAME = "$(TARGET_NAME)";
				SUPPORTED_PLATFORMS = "iphoneos iphonesimulator";
				SUPPORTS_MACCATALYST = NO;
				SUPPORTS_MAC_DESIGNED_FOR_IPHONE_IPAD = NO;
				SWIFT_EMIT_LOC_STRINGS = YES;
				SWIFT_VERSION = 5.0;
				TARGETED_DEVICE_FAMILY = "1,2";
			};
			name = Release;
		};
/* End XCBuildConfiguration section */

/* Begin XCConfigurationList section */
		D0AA9E54294A430A006EB54F /* Build configuration list for PBXProject "CulinaryWay" */ = {
			isa = XCConfigurationList;
			buildConfigurations = (
				D0AA9E6B294A430B006EB54F /* Debug */,
				D0AA9E6C294A430B006EB54F /* Release */,
			);
			defaultConfigurationIsVisible = 0;
			defaultConfigurationName = Release;
		};
		D0AA9E6D294A430B006EB54F /* Build configuration list for PBXNativeTarget "CulinaryWay" */ = {
			isa = XCConfigurationList;
			buildConfigurations = (
				D0AA9E6E294A430B006EB54F /* Debug */,
				D0AA9E6F294A430B006EB54F /* Release */,
			);
			defaultConfigurationIsVisible = 0;
			defaultConfigurationName = Release;
		};
/* End XCConfigurationList section */

/* Begin XCRemoteSwiftPackageReference section */
		D0089F4029A0793400D72689 /* XCRemoteSwiftPackageReference "CollectionViewPagingLayout" */ = {
			isa = XCRemoteSwiftPackageReference;
			repositoryURL = "https://github.com/amirdew/CollectionViewPagingLayout";
			requirement = {
				kind = upToNextMajorVersion;
				minimumVersion = 1.0.0;
			};
		};
		D0AD4CDC299E898300151954 /* XCRemoteSwiftPackageReference "lottie-ios" */ = {
			isa = XCRemoteSwiftPackageReference;
			repositoryURL = "https://github.com/airbnb/lottie-ios.git";
			requirement = {
				kind = upToNextMajorVersion;
				minimumVersion = 4.0.0;
			};
		};
/* End XCRemoteSwiftPackageReference section */

/* Begin XCSwiftPackageProductDependency section */
		D0089F4129A0793400D72689 /* CollectionViewPagingLayout */ = {
			isa = XCSwiftPackageProductDependency;
			package = D0089F4029A0793400D72689 /* XCRemoteSwiftPackageReference "CollectionViewPagingLayout" */;
			productName = CollectionViewPagingLayout;
		};
		D0AD4CDD299E898300151954 /* Lottie */ = {
			isa = XCSwiftPackageProductDependency;
			package = D0AD4CDC299E898300151954 /* XCRemoteSwiftPackageReference "lottie-ios" */;
			productName = Lottie;
		};
/* End XCSwiftPackageProductDependency section */

/* Begin XCVersionGroup section */
		D0D6979C29799BEB00059F25 /* CulinaryWay.xcdatamodeld */ = {
			isa = XCVersionGroup;
			children = (
				D0D6979D29799BEB00059F25 /* CulinaryDataModel.xcdatamodel */,
			);
			currentVersion = D0D6979D29799BEB00059F25 /* CulinaryDataModel.xcdatamodel */;
			path = CulinaryWay.xcdatamodeld;
			sourceTree = "<group>";
			versionGroupType = wrapper.xcdatamodel;
		};
/* End XCVersionGroup section */
	};
	rootObject = D0AA9E51294A430A006EB54F /* Project object */;
}
